
Microsoft Visual Studio Solution File, Format Version 12.00
# Visual Studio Version 17
VisualStudioVersion = 17.0.31903.59
MinimumVisualStudioVersion = 10.0.40219.1
Project("{FAE04EC0-301F-11D3-BF4B-00C04F79EFBC}") = "HairSalon.Booking.Api", "HairSalon.Booking.Api\HairSalon.Booking.Api.csproj", "{F25468B7-F759-4984-966B-19FF1FAC4F84}"
EndProject
Project("{FAE04EC0-301F-11D3-BF4B-00C04F79EFBC}") = "HairSalon.Booking.Core", "HairSalon.Booking.Core\HairSalon.Booking.Core.csproj", "{DD612B79-06C4-4BAE-9CAA-6AA30D851747}"
EndProject
Project("{FAE04EC0-301F-11D3-BF4B-00C04F79EFBC}") = "HairSalon.Booking.Functions", "HairSalon.Booking.Functions\HairSalon.Booking.Functions.csproj", "{173F38E8-A217-4F55-A82B-28134E4F8B39}"
EndProject
Global
	GlobalSection(SolutionConfigurationPlatforms) = preSolution
		Debug|Any CPU = Debug|Any CPU
		Debug|x64 = Debug|x64
		Debug|x86 = Debug|x86
		Release|Any CPU = Release|Any CPU
		Release|x64 = Release|x64
		Release|x86 = Release|x86
	EndGlobalSection
	GlobalSection(ProjectConfigurationPlatforms) = postSolution
		{F25468B7-F759-4984-966B-19FF1FAC4F84}.Debug|Any CPU.ActiveCfg = Debug|Any CPU
		{F25468B7-F759-4984-966B-19FF1FAC4F84}.Debug|Any CPU.Build.0 = Debug|Any CPU
		{F25468B7-F759-4984-966B-19FF1FAC4F84}.Debug|x64.ActiveCfg = Debug|Any CPU
		{F25468B7-F759-4984-966B-19FF1FAC4F84}.Debug|x64.Build.0 = Debug|Any CPU
		{F25468B7-F759-4984-966B-19FF1FAC4F84}.Debug|x86.ActiveCfg = Debug|Any CPU
		{F25468B7-F759-4984-966B-19FF1FAC4F84}.Debug|x86.Build.0 = Debug|Any CPU
		{F25468B7-F759-4984-966B-19FF1FAC4F84}.Release|Any CPU.ActiveCfg = Release|Any CPU
		{F25468B7-F759-4984-966B-19FF1FAC4F84}.Release|Any CPU.Build.0 = Release|Any CPU
		{F25468B7-F759-4984-966B-19FF1FAC4F84}.Release|x64.ActiveCfg = Release|Any CPU
		{F25468B7-F759-4984-966B-19FF1FAC4F84}.Release|x64.Build.0 = Release|Any CPU
		{F25468B7-F759-4984-966B-19FF1FAC4F84}.Release|x86.ActiveCfg = Release|Any CPU
		{F25468B7-F759-4984-966B-19FF1FAC4F84}.Release|x86.Build.0 = Release|Any CPU
		{DD612B79-06C4-4BAE-9CAA-6AA30D851747}.Debug|Any CPU.ActiveCfg = Debug|Any CPU
		{DD612B79-06C4-4BAE-9CAA-6AA30D851747}.Debug|Any CPU.Build.0 = Debug|Any CPU
		{DD612B79-06C4-4BAE-9CAA-6AA30D851747}.Debug|x64.ActiveCfg = Debug|Any CPU
		{DD612B79-06C4-4BAE-9CAA-6AA30D851747}.Debug|x64.Build.0 = Debug|Any CPU
		{DD612B79-06C4-4BAE-9CAA-6AA30D851747}.Debug|x86.ActiveCfg = Debug|Any CPU
		{DD612B79-06C4-4BAE-9CAA-6AA30D851747}.Debug|x86.Build.0 = Debug|Any CPU
		{DD612B79-06C4-4BAE-9CAA-6AA30D851747}.Release|Any CPU.ActiveCfg = Release|Any CPU
		{DD612B79-06C4-4BAE-9CAA-6AA30D851747}.Release|Any CPU.Build.0 = Release|Any CPU
		{DD612B79-06C4-4BAE-9CAA-6AA30D851747}.Release|x64.ActiveCfg = Release|Any CPU
		{DD612B79-06C4-4BAE-9CAA-6AA30D851747}.Release|x64.Build.0 = Release|Any CPU
		{DD612B79-06C4-4BAE-9CAA-6AA30D851747}.Release|x86.ActiveCfg = Release|Any CPU
		{DD612B79-06C4-4BAE-9CAA-6AA30D851747}.Release|x86.Build.0 = Release|Any CPU
		{173F38E8-A217-4F55-A82B-28134E4F8B39}.Debug|Any CPU.ActiveCfg = Debug|Any CPU
		{173F38E8-A217-4F55-A82B-28134E4F8B39}.Debug|Any CPU.Build.0 = Debug|Any CPU
		{173F38E8-A217-4F55-A82B-28134E4F8B39}.Debug|x64.ActiveCfg = Debug|Any CPU
		{173F38E8-A217-4F55-A82B-28134E4F8B39}.Debug|x64.Build.0 = Debug|Any CPU
		{173F38E8-A217-4F55-A82B-28134E4F8B39}.Debug|x86.ActiveCfg = Debug|Any CPU
		{173F38E8-A217-4F55-A82B-28134E4F8B39}.Debug|x86.Build.0 = Debug|Any CPU
		{173F38E8-A217-4F55-A82B-28134E4F8B39}.Release|Any CPU.ActiveCfg = Release|Any CPU
		{173F38E8-A217-4F55-A82B-28134E4F8B39}.Release|Any CPU.Build.0 = Release|Any CPU
		{173F38E8-A217-4F55-A82B-28134E4F8B39}.Release|x64.ActiveCfg = Release|Any CPU
		{173F38E8-A217-4F55-A82B-28134E4F8B39}.Release|x64.Build.0 = Release|Any CPU
		{173F38E8-A217-4F55-A82B-28134E4F8B39}.Release|x86.ActiveCfg = Release|Any CPU
		{173F38E8-A217-4F55-A82B-28134E4F8B39}.Release|x86.Build.0 = Release|Any CPU
	EndGlobalSection
	GlobalSection(SolutionProperties) = preSolution
		HideSolutionNode = FALSE
	EndGlobalSection
EndGlobal
